
Microsoft Visual Studio Solution File, Format Version 12.00
# Visual Studio Version 16
VisualStudioVersion = 16.0.30611.23
MinimumVisualStudioVersion = 10.0.40219.1
Project("{FAE04EC0-301F-11D3-BF4B-00C04F79EFBC}") = "demosite.casqad.org", "Selenium_CS_Test_Project\demosite.casqad.org.csproj", "{8EDF4429-251A-416D-BB68-93F227191BCF}"
EndProject
Project("{FAE04EC0-301F-11D3-BF4B-00C04F79EFBC}") = "GoogleHomeWork", "GoogleHomeWork\GoogleHomeWork.csproj", "{71284FCC-1D2F-4EDC-B6CF-7D854857D5FF}"
EndProject
Project("{FAE04EC0-301F-11D3-BF4B-00C04F79EFBC}") = "demoqa.com_automation-practice-form", "demoqa.com_automation-practice-form\demoqa.com_automation-practice-form.csproj", "{D070F496-B86D-4A71-AB27-427AD39CB769}"
EndProject
Project("{FAE04EC0-301F-11D3-BF4B-00C04F79EFBC}") = "demoqa.com_text-box", "demoqa.com_text-box\demoqa.com_text-box.csproj", "{3DCBF847-9111-4B73-92B7-D0D94872CC1E}"
EndProject
Global
	GlobalSection(SolutionConfigurationPlatforms) = preSolution
		Debug|Any CPU = Debug|Any CPU
		Release|Any CPU = Release|Any CPU
	EndGlobalSection
	GlobalSection(ProjectConfigurationPlatforms) = postSolution
		{8EDF4429-251A-416D-BB68-93F227191BCF}.Debug|Any CPU.ActiveCfg = Debug|Any CPU
		{8EDF4429-251A-416D-BB68-93F227191BCF}.Debug|Any CPU.Build.0 = Debug|Any CPU
		{8EDF4429-251A-416D-BB68-93F227191BCF}.Release|Any CPU.ActiveCfg = Release|Any CPU
		{8EDF4429-251A-416D-BB68-93F227191BCF}.Release|Any CPU.Build.0 = Release|Any CPU
		{71284FCC-1D2F-4EDC-B6CF-7D854857D5FF}.Debug|Any CPU.ActiveCfg = Debug|Any CPU
		{71284FCC-1D2F-4EDC-B6CF-7D854857D5FF}.Debug|Any CPU.Build.0 = Debug|Any CPU
		{71284FCC-1D2F-4EDC-B6CF-7D854857D5FF}.Release|Any CPU.ActiveCfg = Release|Any CPU
		{71284FCC-1D2F-4EDC-B6CF-7D854857D5FF}.Release|Any CPU.Build.0 = Release|Any CPU
		{D070F496-B86D-4A71-AB27-427AD39CB769}.Debug|Any CPU.ActiveCfg = Debug|Any CPU
		{D070F496-B86D-4A71-AB27-427AD39CB769}.Debug|Any CPU.Build.0 = Debug|Any CPU
		{D070F496-B86D-4A71-AB27-427AD39CB769}.Release|Any CPU.ActiveCfg = Release|Any CPU
		{D070F496-B86D-4A71-AB27-427AD39CB769}.Release|Any CPU.Build.0 = Release|Any CPU
		{3DCBF847-9111-4B73-92B7-D0D94872CC1E}.Debug|Any CPU.ActiveCfg = Debug|Any CPU
		{3DCBF847-9111-4B73-92B7-D0D94872CC1E}.Debug|Any CPU.Build.0 = Debug|Any CPU
		{3DCBF847-9111-4B73-92B7-D0D94872CC1E}.Release|Any CPU.ActiveCfg = Release|Any CPU
		{3DCBF847-9111-4B73-92B7-D0D94872CC1E}.Release|Any CPU.Build.0 = Release|Any CPU
	EndGlobalSection
	GlobalSection(SolutionProperties) = preSolution
		HideSolutionNode = FALSE
	EndGlobalSection
	GlobalSection(ExtensibilityGlobals) = postSolution
		SolutionGuid = {5A923A79-E0F0-46F5-92DE-2DC7A448E27C}
	EndGlobalSection
EndGlobal
